// !$*UTF8*$!
{
	archiveVersion = 1;
	classes = {
	};
	objectVersion = 50;
	objects = {

/* Begin PBXBuildFile section */
		7760024E2266C69B005A6B97 /* AddEventVC.swift in Sources */ = {isa = PBXBuildFile; fileRef = 7760024D2266C69B005A6B97 /* AddEventVC.swift */; };
		776002502266C6BC005A6B97 /* MySubjectsVC.swift in Sources */ = {isa = PBXBuildFile; fileRef = 7760024F2266C6BC005A6B97 /* MySubjectsVC.swift */; };
		7760025322682ED1005A6B97 /* DayTaskCell.swift in Sources */ = {isa = PBXBuildFile; fileRef = 7760025222682ED1005A6B97 /* DayTaskCell.swift */; };
		77BE3185226BB33E007CCDAD /* GoogleSignInVC.swift in Sources */ = {isa = PBXBuildFile; fileRef = 77BE3184226BB33E007CCDAD /* GoogleSignInVC.swift */; };
		77BE3189226BB606007CCDAD /* GoogleService-Info.plist in Resources */ = {isa = PBXBuildFile; fileRef = 77BE3188226BB606007CCDAD /* GoogleService-Info.plist */; };
		77BE318A226BC0E1007CCDAD /* Pods_fhsNotes.framework in Frameworks */ = {isa = PBXBuildFile; fileRef = D6A5A29028DE960ED91022E2 /* Pods_fhsNotes.framework */; };
		77BE318B226BC0E1007CCDAD /* Pods_fhsNotes.framework in Embed Frameworks */ = {isa = PBXBuildFile; fileRef = D6A5A29028DE960ED91022E2 /* Pods_fhsNotes.framework */; settings = {ATTRIBUTES = (CodeSignOnCopy, RemoveHeadersOnCopy, ); }; };
		77BE318E226BC4B4007CCDAD /* SettingsVC.swift in Sources */ = {isa = PBXBuildFile; fileRef = 77BE318D226BC4B4007CCDAD /* SettingsVC.swift */; };
		9C3696352263F6C6001B5EC4 /* SWRevealViewController.m in Sources */ = {isa = PBXBuildFile; fileRef = 9C3696332263F6C6001B5EC4 /* SWRevealViewController.m */; };
		F0190F582260F1B500C431F2 /* Event.swift in Sources */ = {isa = PBXBuildFile; fileRef = F0190F572260F1B500C431F2 /* Event.swift */; };
		F0246826224159420006699C /* AppDelegate.swift in Sources */ = {isa = PBXBuildFile; fileRef = F0246825224159420006699C /* AppDelegate.swift */; };
		F0246828224159420006699C /* CalendarVC.swift in Sources */ = {isa = PBXBuildFile; fileRef = F0246827224159420006699C /* CalendarVC.swift */; };
		F024682B224159420006699C /* Main.storyboard in Resources */ = {isa = PBXBuildFile; fileRef = F0246829224159420006699C /* Main.storyboard */; };
		F024682D224159460006699C /* Assets.xcassets in Resources */ = {isa = PBXBuildFile; fileRef = F024682C224159460006699C /* Assets.xcassets */; };
		F0246830224159460006699C /* LaunchScreen.storyboard in Resources */ = {isa = PBXBuildFile; fileRef = F024682E224159460006699C /* LaunchScreen.storyboard */; };
		F024683B224159460006699C /* fhsNotesTests.swift in Sources */ = {isa = PBXBuildFile; fileRef = F024683A224159460006699C /* fhsNotesTests.swift */; };
		F0246846224159460006699C /* fhsNotesUITests.swift in Sources */ = {isa = PBXBuildFile; fileRef = F0246845224159460006699C /* fhsNotesUITests.swift */; };
		F03C5BA32278B1BD00709EC9 /* BabySubjectVC.swift in Sources */ = {isa = PBXBuildFile; fileRef = F03C5BA22278B1BD00709EC9 /* BabySubjectVC.swift */; };
		F0D264372242A3AA00FB9406 /* CustomCell.swift in Sources */ = {isa = PBXBuildFile; fileRef = F0D264362242A3AA00FB9406 /* CustomCell.swift */; };
		F0E88573225FA7970082DEC4 /* DayByDay.swift in Sources */ = {isa = PBXBuildFile; fileRef = F0E88572225FA7970082DEC4 /* DayByDay.swift */; };
		F0FDEF0F22721D5500ABAFCB /* CategoryCell.swift in Sources */ = {isa = PBXBuildFile; fileRef = F0FDEF0E22721D5500ABAFCB /* CategoryCell.swift */; };
		F0FEE90B2264EC4700978C76 /* SideBarVC.swift in Sources */ = {isa = PBXBuildFile; fileRef = F0FEE90A2264EC4700978C76 /* SideBarVC.swift */; };
/* End PBXBuildFile section */

/* Begin PBXContainerItemProxy section */
		F0246837224159460006699C /* PBXContainerItemProxy */ = {
			isa = PBXContainerItemProxy;
			containerPortal = F024681A224159420006699C /* Project object */;
			proxyType = 1;
			remoteGlobalIDString = F0246821224159420006699C;
			remoteInfo = fhsNotes;
		};
		F0246842224159460006699C /* PBXContainerItemProxy */ = {
			isa = PBXContainerItemProxy;
			containerPortal = F024681A224159420006699C /* Project object */;
			proxyType = 1;
			remoteGlobalIDString = F0246821224159420006699C;
			remoteInfo = fhsNotes;
		};
/* End PBXContainerItemProxy section */

/* Begin PBXCopyFilesBuildPhase section */
		77BE318C226BC0E1007CCDAD /* Embed Frameworks */ = {
			isa = PBXCopyFilesBuildPhase;
			buildActionMask = 2147483647;
			dstPath = "";
			dstSubfolderSpec = 10;
			files = (
				77BE318B226BC0E1007CCDAD /* Pods_fhsNotes.framework in Embed Frameworks */,
			);
			name = "Embed Frameworks";
			runOnlyForDeploymentPostprocessing = 0;
		};
/* End PBXCopyFilesBuildPhase section */

/* Begin PBXFileReference section */
		7760024D2266C69B005A6B97 /* AddEventVC.swift */ = {isa = PBXFileReference; lastKnownFileType = sourcecode.swift; path = AddEventVC.swift; sourceTree = "<group>"; };
		7760024F2266C6BC005A6B97 /* MySubjectsVC.swift */ = {isa = PBXFileReference; lastKnownFileType = sourcecode.swift; path = MySubjectsVC.swift; sourceTree = "<group>"; };
		7760025222682ED1005A6B97 /* DayTaskCell.swift */ = {isa = PBXFileReference; lastKnownFileType = sourcecode.swift; path = DayTaskCell.swift; sourceTree = "<group>"; };
		77BE3184226BB33E007CCDAD /* GoogleSignInVC.swift */ = {isa = PBXFileReference; lastKnownFileType = sourcecode.swift; path = GoogleSignInVC.swift; sourceTree = "<group>"; };
		77BE3188226BB606007CCDAD /* GoogleService-Info.plist */ = {isa = PBXFileReference; fileEncoding = 4; lastKnownFileType = text.plist.xml; path = "GoogleService-Info.plist"; sourceTree = "<group>"; };
		77BE318D226BC4B4007CCDAD /* SettingsVC.swift */ = {isa = PBXFileReference; lastKnownFileType = sourcecode.swift; path = SettingsVC.swift; sourceTree = "<group>"; };
		916ED1C29EDED3E64C89ECD6 /* Pods-fhsNotes.release.xcconfig */ = {isa = PBXFileReference; includeInIndex = 1; lastKnownFileType = text.xcconfig; name = "Pods-fhsNotes.release.xcconfig"; path = "Target Support Files/Pods-fhsNotes/Pods-fhsNotes.release.xcconfig"; sourceTree = "<group>"; };
		9C3696322263F6C5001B5EC4 /* fhsNotes-Bridging-Header.h */ = {isa = PBXFileReference; lastKnownFileType = sourcecode.c.h; path = "fhsNotes-Bridging-Header.h"; sourceTree = "<group>"; };
		9C3696332263F6C6001B5EC4 /* SWRevealViewController.m */ = {isa = PBXFileReference; fileEncoding = 4; lastKnownFileType = sourcecode.c.objc; path = SWRevealViewController.m; sourceTree = "<group>"; };
		9C3696342263F6C6001B5EC4 /* SWRevealViewController.h */ = {isa = PBXFileReference; fileEncoding = 4; lastKnownFileType = sourcecode.c.h; path = SWRevealViewController.h; sourceTree = "<group>"; };
		B67FECF802B99E2DDA631E2E /* Pods-fhsNotes.debug.xcconfig */ = {isa = PBXFileReference; includeInIndex = 1; lastKnownFileType = text.xcconfig; name = "Pods-fhsNotes.debug.xcconfig"; path = "Target Support Files/Pods-fhsNotes/Pods-fhsNotes.debug.xcconfig"; sourceTree = "<group>"; };
		D6A5A29028DE960ED91022E2 /* Pods_fhsNotes.framework */ = {isa = PBXFileReference; explicitFileType = wrapper.framework; includeInIndex = 0; path = Pods_fhsNotes.framework; sourceTree = BUILT_PRODUCTS_DIR; };
		F0190F572260F1B500C431F2 /* Event.swift */ = {isa = PBXFileReference; lastKnownFileType = sourcecode.swift; path = Event.swift; sourceTree = "<group>"; };
		F0246822224159420006699C /* fhsNotes.app */ = {isa = PBXFileReference; explicitFileType = wrapper.application; includeInIndex = 0; path = fhsNotes.app; sourceTree = BUILT_PRODUCTS_DIR; };
		F0246825224159420006699C /* AppDelegate.swift */ = {isa = PBXFileReference; lastKnownFileType = sourcecode.swift; path = AppDelegate.swift; sourceTree = "<group>"; };
		F0246827224159420006699C /* CalendarVC.swift */ = {isa = PBXFileReference; lastKnownFileType = sourcecode.swift; path = CalendarVC.swift; sourceTree = "<group>"; };
		F024682A224159420006699C /* Base */ = {isa = PBXFileReference; lastKnownFileType = file.storyboard; name = Base; path = Base.lproj/Main.storyboard; sourceTree = "<group>"; };
		F024682C224159460006699C /* Assets.xcassets */ = {isa = PBXFileReference; lastKnownFileType = folder.assetcatalog; path = Assets.xcassets; sourceTree = "<group>"; };
		F024682F224159460006699C /* Base */ = {isa = PBXFileReference; lastKnownFileType = file.storyboard; name = Base; path = Base.lproj/LaunchScreen.storyboard; sourceTree = "<group>"; };
		F0246831224159460006699C /* Info.plist */ = {isa = PBXFileReference; lastKnownFileType = text.plist.xml; path = Info.plist; sourceTree = "<group>"; };
		F0246836224159460006699C /* fhsNotesTests.xctest */ = {isa = PBXFileReference; explicitFileType = wrapper.cfbundle; includeInIndex = 0; path = fhsNotesTests.xctest; sourceTree = BUILT_PRODUCTS_DIR; };
		F024683A224159460006699C /* fhsNotesTests.swift */ = {isa = PBXFileReference; lastKnownFileType = sourcecode.swift; path = fhsNotesTests.swift; sourceTree = "<group>"; };
		F024683C224159460006699C /* Info.plist */ = {isa = PBXFileReference; lastKnownFileType = text.plist.xml; path = Info.plist; sourceTree = "<group>"; };
		F0246841224159460006699C /* fhsNotesUITests.xctest */ = {isa = PBXFileReference; explicitFileType = wrapper.cfbundle; includeInIndex = 0; path = fhsNotesUITests.xctest; sourceTree = BUILT_PRODUCTS_DIR; };
		F0246845224159460006699C /* fhsNotesUITests.swift */ = {isa = PBXFileReference; lastKnownFileType = sourcecode.swift; path = fhsNotesUITests.swift; sourceTree = "<group>"; };
		F0246847224159460006699C /* Info.plist */ = {isa = PBXFileReference; lastKnownFileType = text.plist.xml; path = Info.plist; sourceTree = "<group>"; };
		F03C5BA22278B1BD00709EC9 /* BabySubjectVC.swift */ = {isa = PBXFileReference; lastKnownFileType = sourcecode.swift; path = BabySubjectVC.swift; sourceTree = "<group>"; };
		F0D264362242A3AA00FB9406 /* CustomCell.swift */ = {isa = PBXFileReference; lastKnownFileType = sourcecode.swift; path = CustomCell.swift; sourceTree = "<group>"; };
		F0E88572225FA7970082DEC4 /* DayByDay.swift */ = {isa = PBXFileReference; lastKnownFileType = sourcecode.swift; path = DayByDay.swift; sourceTree = "<group>"; };
		F0FDEF0E22721D5500ABAFCB /* CategoryCell.swift */ = {isa = PBXFileReference; lastKnownFileType = sourcecode.swift; path = CategoryCell.swift; sourceTree = "<group>"; };
		F0FEE90A2264EC4700978C76 /* SideBarVC.swift */ = {isa = PBXFileReference; lastKnownFileType = sourcecode.swift; path = SideBarVC.swift; sourceTree = "<group>"; };
/* End PBXFileReference section */

/* Begin PBXFrameworksBuildPhase section */
		F024681F224159420006699C /* Frameworks */ = {
			isa = PBXFrameworksBuildPhase;
			buildActionMask = 2147483647;
			files = (
				77BE318A226BC0E1007CCDAD /* Pods_fhsNotes.framework in Frameworks */,
			);
			runOnlyForDeploymentPostprocessing = 0;
		};
		F0246833224159460006699C /* Frameworks */ = {
			isa = PBXFrameworksBuildPhase;
			buildActionMask = 2147483647;
			files = (
			);
			runOnlyForDeploymentPostprocessing = 0;
		};
		F024683E224159460006699C /* Frameworks */ = {
			isa = PBXFrameworksBuildPhase;
			buildActionMask = 2147483647;
			files = (
			);
			runOnlyForDeploymentPostprocessing = 0;
		};
/* End PBXFrameworksBuildPhase section */

/* Begin PBXGroup section */
		7760024A2266B88A005A6B97 /* View Controllers */ = {
			isa = PBXGroup;
			children = (
				F0246827224159420006699C /* CalendarVC.swift */,
				F0FEE90A2264EC4700978C76 /* SideBarVC.swift */,
				7760024D2266C69B005A6B97 /* AddEventVC.swift */,
				7760024F2266C6BC005A6B97 /* MySubjectsVC.swift */,
				77BE3184226BB33E007CCDAD /* GoogleSignInVC.swift */,
				77BE318D226BC4B4007CCDAD /* SettingsVC.swift */,
				F03C5BA22278B1BD00709EC9 /* BabySubjectVC.swift */,
			);
			path = "View Controllers";
			sourceTree = "<group>";
		};
		7760024B2266B8AC005A6B97 /* Classes */ = {
			isa = PBXGroup;
			children = (
				F0E88572225FA7970082DEC4 /* DayByDay.swift */,
				F0190F572260F1B500C431F2 /* Event.swift */,
			);
			path = Classes;
			sourceTree = "<group>";
		};
		7760025122682E86005A6B97 /* Cells */ = {
			isa = PBXGroup;
			children = (
				F0D264362242A3AA00FB9406 /* CustomCell.swift */,
				7760025222682ED1005A6B97 /* DayTaskCell.swift */,
				F0FDEF0E22721D5500ABAFCB /* CategoryCell.swift */,
			);
			name = Cells;
			path = ..;
			sourceTree = "<group>";
		};
		EAEF1ACA57198A1150A8AFCC /* Frameworks */ = {
			isa = PBXGroup;
			children = (
				D6A5A29028DE960ED91022E2 /* Pods_fhsNotes.framework */,
			);
			name = Frameworks;
			sourceTree = "<group>";
		};
		F0246819224159420006699C = {
			isa = PBXGroup;
			children = (
				F0246824224159420006699C /* fhsNotes */,
				F0246839224159460006699C /* fhsNotesTests */,
				F0246844224159460006699C /* fhsNotesUITests */,
				F0246823224159420006699C /* Products */,
				FD1160965C2350CB3B03B127 /* Pods */,
				EAEF1ACA57198A1150A8AFCC /* Frameworks */,
			);
			sourceTree = "<group>";
		};
		F0246823224159420006699C /* Products */ = {
			isa = PBXGroup;
			children = (
				F0246822224159420006699C /* fhsNotes.app */,
				F0246836224159460006699C /* fhsNotesTests.xctest */,
				F0246841224159460006699C /* fhsNotesUITests.xctest */,
			);
			name = Products;
			sourceTree = "<group>";
		};
		F0246824224159420006699C /* fhsNotes */ = {
			isa = PBXGroup;
			children = (
				F024682C224159460006699C /* Assets.xcassets */,
				F0246829224159420006699C /* Main.storyboard */,
				7760024B2266B8AC005A6B97 /* Classes */,
				7760024A2266B88A005A6B97 /* View Controllers */,
				7760025122682E86005A6B97 /* Cells */,
				F024682E224159460006699C /* LaunchScreen.storyboard */,
				F0246825224159420006699C /* AppDelegate.swift */,
				F0246831224159460006699C /* Info.plist */,
				9C3696332263F6C6001B5EC4 /* SWRevealViewController.m */,
				9C3696322263F6C5001B5EC4 /* fhsNotes-Bridging-Header.h */,
				9C3696342263F6C6001B5EC4 /* SWRevealViewController.h */,
				77BE3188226BB606007CCDAD /* GoogleService-Info.plist */,
			);
			path = fhsNotes;
			sourceTree = "<group>";
		};
		F0246839224159460006699C /* fhsNotesTests */ = {
			isa = PBXGroup;
			children = (
				F024683A224159460006699C /* fhsNotesTests.swift */,
				F024683C224159460006699C /* Info.plist */,
			);
			path = fhsNotesTests;
			sourceTree = "<group>";
		};
		F0246844224159460006699C /* fhsNotesUITests */ = {
			isa = PBXGroup;
			children = (
				F0246845224159460006699C /* fhsNotesUITests.swift */,
				F0246847224159460006699C /* Info.plist */,
			);
			path = fhsNotesUITests;
			sourceTree = "<group>";
		};
		FD1160965C2350CB3B03B127 /* Pods */ = {
			isa = PBXGroup;
			children = (
				B67FECF802B99E2DDA631E2E /* Pods-fhsNotes.debug.xcconfig */,
				916ED1C29EDED3E64C89ECD6 /* Pods-fhsNotes.release.xcconfig */,
			);
			path = Pods;
			sourceTree = "<group>";
		};
/* End PBXGroup section */

/* Begin PBXNativeTarget section */
		F0246821224159420006699C /* fhsNotes */ = {
			isa = PBXNativeTarget;
			buildConfigurationList = F024684A224159460006699C /* Build configuration list for PBXNativeTarget "fhsNotes" */;
			buildPhases = (
				768A4A28E0D1E2EC30680B13 /* [CP] Check Pods Manifest.lock */,
				F024681E224159420006699C /* Sources */,
				F024681F224159420006699C /* Frameworks */,
				F0246820224159420006699C /* Resources */,
				0EBF28253B20D0EBBE85BD55 /* [CP] Embed Pods Frameworks */,
				25C0BE24D0472DC669764761 /* [CP] Copy Pods Resources */,
				77BE318C226BC0E1007CCDAD /* Embed Frameworks */,
			);
			buildRules = (
			);
			dependencies = (
			);
			name = fhsNotes;
			productName = fhsNotes;
			productReference = F0246822224159420006699C /* fhsNotes.app */;
			productType = "com.apple.product-type.application";
		};
		F0246835224159460006699C /* fhsNotesTests */ = {
			isa = PBXNativeTarget;
			buildConfigurationList = F024684D224159460006699C /* Build configuration list for PBXNativeTarget "fhsNotesTests" */;
			buildPhases = (
				F0246832224159460006699C /* Sources */,
				F0246833224159460006699C /* Frameworks */,
				F0246834224159460006699C /* Resources */,
			);
			buildRules = (
			);
			dependencies = (
				F0246838224159460006699C /* PBXTargetDependency */,
			);
			name = fhsNotesTests;
			productName = fhsNotesTests;
			productReference = F0246836224159460006699C /* fhsNotesTests.xctest */;
			productType = "com.apple.product-type.bundle.unit-test";
		};
		F0246840224159460006699C /* fhsNotesUITests */ = {
			isa = PBXNativeTarget;
			buildConfigurationList = F0246850224159460006699C /* Build configuration list for PBXNativeTarget "fhsNotesUITests" */;
			buildPhases = (
				F024683D224159460006699C /* Sources */,
				F024683E224159460006699C /* Frameworks */,
				F024683F224159460006699C /* Resources */,
			);
			buildRules = (
			);
			dependencies = (
				F0246843224159460006699C /* PBXTargetDependency */,
			);
			name = fhsNotesUITests;
			productName = fhsNotesUITests;
			productReference = F0246841224159460006699C /* fhsNotesUITests.xctest */;
			productType = "com.apple.product-type.bundle.ui-testing";
		};
/* End PBXNativeTarget section */

/* Begin PBXProject section */
		F024681A224159420006699C /* Project object */ = {
			isa = PBXProject;
			attributes = {
				LastSwiftUpdateCheck = 1010;
				LastUpgradeCheck = 1010;
				ORGANIZATIONNAME = "Peter J So";
				TargetAttributes = {
					F0246821224159420006699C = {
						CreatedOnToolsVersion = 10.1;
						LastSwiftMigration = 1020;
					};
					F0246835224159460006699C = {
						CreatedOnToolsVersion = 10.1;
						TestTargetID = F0246821224159420006699C;
					};
					F0246840224159460006699C = {
						CreatedOnToolsVersion = 10.1;
						TestTargetID = F0246821224159420006699C;
					};
				};
			};
			buildConfigurationList = F024681D224159420006699C /* Build configuration list for PBXProject "fhsNotes" */;
			compatibilityVersion = "Xcode 9.3";
			developmentRegion = en;
			hasScannedForEncodings = 0;
			knownRegions = (
				en,
				Base,
			);
			mainGroup = F0246819224159420006699C;
			productRefGroup = F0246823224159420006699C /* Products */;
			projectDirPath = "";
			projectRoot = "";
			targets = (
				F0246821224159420006699C /* fhsNotes */,
				F0246835224159460006699C /* fhsNotesTests */,
				F0246840224159460006699C /* fhsNotesUITests */,
			);
		};
/* End PBXProject section */

/* Begin PBXResourcesBuildPhase section */
		F0246820224159420006699C /* Resources */ = {
			isa = PBXResourcesBuildPhase;
			buildActionMask = 2147483647;
			files = (
				F0246830224159460006699C /* LaunchScreen.storyboard in Resources */,
				77BE3189226BB606007CCDAD /* GoogleService-Info.plist in Resources */,
				F024682D224159460006699C /* Assets.xcassets in Resources */,
				F024682B224159420006699C /* Main.storyboard in Resources */,
			);
			runOnlyForDeploymentPostprocessing = 0;
		};
		F0246834224159460006699C /* Resources */ = {
			isa = PBXResourcesBuildPhase;
			buildActionMask = 2147483647;
			files = (
			);
			runOnlyForDeploymentPostprocessing = 0;
		};
		F024683F224159460006699C /* Resources */ = {
			isa = PBXResourcesBuildPhase;
			buildActionMask = 2147483647;
			files = (
			);
			runOnlyForDeploymentPostprocessing = 0;
		};
/* End PBXResourcesBuildPhase section */

/* Begin PBXShellScriptBuildPhase section */
		0EBF28253B20D0EBBE85BD55 /* [CP] Embed Pods Frameworks */ = {
			isa = PBXShellScriptBuildPhase;
			buildActionMask = 2147483647;
			files = (
			);
			inputFileListPaths = (
			);
			inputPaths = (
				"${PODS_ROOT}/Target Support Files/Pods-fhsNotes/Pods-fhsNotes-frameworks.sh",
				"${BUILT_PRODUCTS_DIR}/Alamofire/Alamofire.framework",
				"${BUILT_PRODUCTS_DIR}/BoringSSL-GRPC/openssl_grpc.framework",
				"${BUILT_PRODUCTS_DIR}/GTMSessionFetcher/GTMSessionFetcher.framework",
				"${BUILT_PRODUCTS_DIR}/GoogleToolboxForMac/GoogleToolboxForMac.framework",
				"${BUILT_PRODUCTS_DIR}/GoogleUtilities/GoogleUtilities.framework",
				"${BUILT_PRODUCTS_DIR}/JTAppleCalendar/JTAppleCalendar.framework",
				"${BUILT_PRODUCTS_DIR}/Kanna/Kanna.framework",
				"${BUILT_PRODUCTS_DIR}/Protobuf/Protobuf.framework",
				"${BUILT_PRODUCTS_DIR}/gRPC-C++/grpcpp.framework",
				"${BUILT_PRODUCTS_DIR}/gRPC-Core/grpc.framework",
				"${BUILT_PRODUCTS_DIR}/leveldb-library/leveldb.framework",
				"${BUILT_PRODUCTS_DIR}/nanopb/nanopb.framework",
			);
			name = "[CP] Embed Pods Frameworks";
			outputFileListPaths = (
			);
			outputPaths = (
				"${TARGET_BUILD_DIR}/${FRAMEWORKS_FOLDER_PATH}/Alamofire.framework",
				"${TARGET_BUILD_DIR}/${FRAMEWORKS_FOLDER_PATH}/openssl_grpc.framework",
				"${TARGET_BUILD_DIR}/${FRAMEWORKS_FOLDER_PATH}/GTMSessionFetcher.framework",
				"${TARGET_BUILD_DIR}/${FRAMEWORKS_FOLDER_PATH}/GoogleToolboxForMac.framework",
				"${TARGET_BUILD_DIR}/${FRAMEWORKS_FOLDER_PATH}/GoogleUtilities.framework",
				"${TARGET_BUILD_DIR}/${FRAMEWORKS_FOLDER_PATH}/JTAppleCalendar.framework",
				"${TARGET_BUILD_DIR}/${FRAMEWORKS_FOLDER_PATH}/Kanna.framework",
				"${TARGET_BUILD_DIR}/${FRAMEWORKS_FOLDER_PATH}/Protobuf.framework",
				"${TARGET_BUILD_DIR}/${FRAMEWORKS_FOLDER_PATH}/grpcpp.framework",
				"${TARGET_BUILD_DIR}/${FRAMEWORKS_FOLDER_PATH}/grpc.framework",
				"${TARGET_BUILD_DIR}/${FRAMEWORKS_FOLDER_PATH}/leveldb.framework",
				"${TARGET_BUILD_DIR}/${FRAMEWORKS_FOLDER_PATH}/nanopb.framework",
			);
			runOnlyForDeploymentPostprocessing = 0;
			shellPath = /bin/sh;
			shellScript = "\"${PODS_ROOT}/Target Support Files/Pods-fhsNotes/Pods-fhsNotes-frameworks.sh\"\n";
			showEnvVarsInLog = 0;
		};
		25C0BE24D0472DC669764761 /* [CP] Copy Pods Resources */ = {
			isa = PBXShellScriptBuildPhase;
			buildActionMask = 2147483647;
			files = (
			);
			inputFileListPaths = (
			);
			inputPaths = (
				"${PODS_ROOT}/Target Support Files/Pods-fhsNotes/Pods-fhsNotes-resources.sh",
				"${PODS_ROOT}/GoogleSignIn/Resources/GoogleSignIn.bundle",
			);
			name = "[CP] Copy Pods Resources";
			outputFileListPaths = (
			);
			outputPaths = (
				"${TARGET_BUILD_DIR}/${UNLOCALIZED_RESOURCES_FOLDER_PATH}/GoogleSignIn.bundle",
			);
			runOnlyForDeploymentPostprocessing = 0;
			shellPath = /bin/sh;
			shellScript = "\"${PODS_ROOT}/Target Support Files/Pods-fhsNotes/Pods-fhsNotes-resources.sh\"\n";
			showEnvVarsInLog = 0;
		};
		768A4A28E0D1E2EC30680B13 /* [CP] Check Pods Manifest.lock */ = {
			isa = PBXShellScriptBuildPhase;
			buildActionMask = 2147483647;
			files = (
			);
			inputFileListPaths = (
			);
			inputPaths = (
				"${PODS_PODFILE_DIR_PATH}/Podfile.lock",
				"${PODS_ROOT}/Manifest.lock",
			);
			name = "[CP] Check Pods Manifest.lock";
			outputFileListPaths = (
			);
			outputPaths = (
				"$(DERIVED_FILE_DIR)/Pods-fhsNotes-checkManifestLockResult.txt",
			);
			runOnlyForDeploymentPostprocessing = 0;
			shellPath = /bin/sh;
			shellScript = "diff \"${PODS_PODFILE_DIR_PATH}/Podfile.lock\" \"${PODS_ROOT}/Manifest.lock\" > /dev/null\nif [ $? != 0 ] ; then\n    # print error to STDERR\n    echo \"error: The sandbox is not in sync with the Podfile.lock. Run 'pod install' or update your CocoaPods installation.\" >&2\n    exit 1\nfi\n# This output is used by Xcode 'outputs' to avoid re-running this script phase.\necho \"SUCCESS\" > \"${SCRIPT_OUTPUT_FILE_0}\"\n";
			showEnvVarsInLog = 0;
		};
/* End PBXShellScriptBuildPhase section */

/* Begin PBXSourcesBuildPhase section */
		F024681E224159420006699C /* Sources */ = {
			isa = PBXSourcesBuildPhase;
			buildActionMask = 2147483647;
			files = (
				F0FDEF0F22721D5500ABAFCB /* CategoryCell.swift in Sources */,
				9C3696352263F6C6001B5EC4 /* SWRevealViewController.m in Sources */,
				F0246828224159420006699C /* CalendarVC.swift in Sources */,
				F03C5BA32278B1BD00709EC9 /* BabySubjectVC.swift in Sources */,
				F0D264372242A3AA00FB9406 /* CustomCell.swift in Sources */,
				F0246826224159420006699C /* AppDelegate.swift in Sources */,
				F0FEE90B2264EC4700978C76 /* SideBarVC.swift in Sources */,
				77BE318E226BC4B4007CCDAD /* SettingsVC.swift in Sources */,
				F0190F582260F1B500C431F2 /* Event.swift in Sources */,
				776002502266C6BC005A6B97 /* MySubjectsVC.swift in Sources */,
				F0E88573225FA7970082DEC4 /* DayByDay.swift in Sources */,
				7760024E2266C69B005A6B97 /* AddEventVC.swift in Sources */,
				77BE3185226BB33E007CCDAD /* GoogleSignInVC.swift in Sources */,
				7760025322682ED1005A6B97 /* DayTaskCell.swift in Sources */,
			);
			runOnlyForDeploymentPostprocessing = 0;
		};
		F0246832224159460006699C /* Sources */ = {
			isa = PBXSourcesBuildPhase;
			buildActionMask = 2147483647;
			files = (
				F024683B224159460006699C /* fhsNotesTests.swift in Sources */,
			);
			runOnlyForDeploymentPostprocessing = 0;
		};
		F024683D224159460006699C /* Sources */ = {
			isa = PBXSourcesBuildPhase;
			buildActionMask = 2147483647;
			files = (
				F0246846224159460006699C /* fhsNotesUITests.swift in Sources */,
			);
			runOnlyForDeploymentPostprocessing = 0;
		};
/* End PBXSourcesBuildPhase section */

/* Begin PBXTargetDependency section */
		F0246838224159460006699C /* PBXTargetDependency */ = {
			isa = PBXTargetDependency;
			target = F0246821224159420006699C /* fhsNotes */;
			targetProxy = F0246837224159460006699C /* PBXContainerItemProxy */;
		};
		F0246843224159460006699C /* PBXTargetDependency */ = {
			isa = PBXTargetDependency;
			target = F0246821224159420006699C /* fhsNotes */;
			targetProxy = F0246842224159460006699C /* PBXContainerItemProxy */;
		};
/* End PBXTargetDependency section */

/* Begin PBXVariantGroup section */
		F0246829224159420006699C /* Main.storyboard */ = {
			isa = PBXVariantGroup;
			children = (
				F024682A224159420006699C /* Base */,
			);
			name = Main.storyboard;
			sourceTree = "<group>";
		};
		F024682E224159460006699C /* LaunchScreen.storyboard */ = {
			isa = PBXVariantGroup;
			children = (
				F024682F224159460006699C /* Base */,
			);
			name = LaunchScreen.storyboard;
			sourceTree = "<group>";
		};
/* End PBXVariantGroup section */

/* Begin XCBuildConfiguration section */
		F0246848224159460006699C /* Debug */ = {
			isa = XCBuildConfiguration;
			buildSettings = {
				ALWAYS_SEARCH_USER_PATHS = NO;
				CLANG_ANALYZER_NONNULL = YES;
				CLANG_ANALYZER_NUMBER_OBJECT_CONVERSION = YES_AGGRESSIVE;
				CLANG_CXX_LANGUAGE_STANDARD = "gnu++14";
				CLANG_CXX_LIBRARY = "libc++";
				CLANG_ENABLE_MODULES = YES;
				CLANG_ENABLE_OBJC_ARC = YES;
				CLANG_ENABLE_OBJC_WEAK = YES;
				CLANG_WARN_BLOCK_CAPTURE_AUTORELEASING = YES;
				CLANG_WARN_BOOL_CONVERSION = YES;
				CLANG_WARN_COMMA = YES;
				CLANG_WARN_CONSTANT_CONVERSION = YES;
				CLANG_WARN_DEPRECATED_OBJC_IMPLEMENTATIONS = YES;
				CLANG_WARN_DIRECT_OBJC_ISA_USAGE = YES_ERROR;
				CLANG_WARN_DOCUMENTATION_COMMENTS = YES;
				CLANG_WARN_EMPTY_BODY = YES;
				CLANG_WARN_ENUM_CONVERSION = YES;
				CLANG_WARN_INFINITE_RECURSION = YES;
				CLANG_WARN_INT_CONVERSION = YES;
				CLANG_WARN_NON_LITERAL_NULL_CONVERSION = YES;
				CLANG_WARN_OBJC_IMPLICIT_RETAIN_SELF = YES;
				CLANG_WARN_OBJC_LITERAL_CONVERSION = YES;
				CLANG_WARN_OBJC_ROOT_CLASS = YES_ERROR;
				CLANG_WARN_RANGE_LOOP_ANALYSIS = YES;
				CLANG_WARN_STRICT_PROTOTYPES = YES;
				CLANG_WARN_SUSPICIOUS_MOVE = YES;
				CLANG_WARN_UNGUARDED_AVAILABILITY = YES_AGGRESSIVE;
				CLANG_WARN_UNREACHABLE_CODE = YES;
				CLANG_WARN__DUPLICATE_METHOD_MATCH = YES;
				CODE_SIGN_IDENTITY = "iPhone Developer";
				COPY_PHASE_STRIP = NO;
				DEBUG_INFORMATION_FORMAT = dwarf;
				ENABLE_STRICT_OBJC_MSGSEND = YES;
				ENABLE_TESTABILITY = YES;
				GCC_C_LANGUAGE_STANDARD = gnu11;
				GCC_DYNAMIC_NO_PIC = NO;
				GCC_NO_COMMON_BLOCKS = YES;
				GCC_OPTIMIZATION_LEVEL = 0;
				GCC_PREPROCESSOR_DEFINITIONS = (
					"DEBUG=1",
					"$(inherited)",
				);
				GCC_WARN_64_TO_32_BIT_CONVERSION = YES;
				GCC_WARN_ABOUT_RETURN_TYPE = YES_ERROR;
				GCC_WARN_UNDECLARED_SELECTOR = YES;
				GCC_WARN_UNINITIALIZED_AUTOS = YES_AGGRESSIVE;
				GCC_WARN_UNUSED_FUNCTION = YES;
				GCC_WARN_UNUSED_VARIABLE = YES;
				IPHONEOS_DEPLOYMENT_TARGET = 12.1;
				MTL_ENABLE_DEBUG_INFO = INCLUDE_SOURCE;
				MTL_FAST_MATH = YES;
				ONLY_ACTIVE_ARCH = YES;
				SDKROOT = iphoneos;
				SWIFT_ACTIVE_COMPILATION_CONDITIONS = DEBUG;
				SWIFT_OPTIMIZATION_LEVEL = "-Onone";
			};
			name = Debug;
		};
		F0246849224159460006699C /* Release */ = {
			isa = XCBuildConfiguration;
			buildSettings = {
				ALWAYS_SEARCH_USER_PATHS = NO;
				CLANG_ANALYZER_NONNULL = YES;
				CLANG_ANALYZER_NUMBER_OBJECT_CONVERSION = YES_AGGRESSIVE;
				CLANG_CXX_LANGUAGE_STANDARD = "gnu++14";
				CLANG_CXX_LIBRARY = "libc++";
				CLANG_ENABLE_MODULES = YES;
				CLANG_ENABLE_OBJC_ARC = YES;
				CLANG_ENABLE_OBJC_WEAK = YES;
				CLANG_WARN_BLOCK_CAPTURE_AUTORELEASING = YES;
				CLANG_WARN_BOOL_CONVERSION = YES;
				CLANG_WARN_COMMA = YES;
				CLANG_WARN_CONSTANT_CONVERSION = YES;
				CLANG_WARN_DEPRECATED_OBJC_IMPLEMENTATIONS = YES;
				CLANG_WARN_DIRECT_OBJC_ISA_USAGE = YES_ERROR;
				CLANG_WARN_DOCUMENTATION_COMMENTS = YES;
				CLANG_WARN_EMPTY_BODY = YES;
				CLANG_WARN_ENUM_CONVERSION = YES;
				CLANG_WARN_INFINITE_RECURSION = YES;
				CLANG_WARN_INT_CONVERSION = YES;
				CLANG_WARN_NON_LITERAL_NULL_CONVERSION = YES;
				CLANG_WARN_OBJC_IMPLICIT_RETAIN_SELF = YES;
				CLANG_WARN_OBJC_LITERAL_CONVERSION = YES;
				CLANG_WARN_OBJC_ROOT_CLASS = YES_ERROR;
				CLANG_WARN_RANGE_LOOP_ANALYSIS = YES;
				CLANG_WARN_STRICT_PROTOTYPES = YES;
				CLANG_WARN_SUSPICIOUS_MOVE = YES;
				CLANG_WARN_UNGUARDED_AVAILABILITY = YES_AGGRESSIVE;
				CLANG_WARN_UNREACHABLE_CODE = YES;
				CLANG_WARN__DUPLICATE_METHOD_MATCH = YES;
				CODE_SIGN_IDENTITY = "iPhone Developer";
				COPY_PHASE_STRIP = NO;
				DEBUG_INFORMATION_FORMAT = "dwarf-with-dsym";
				ENABLE_NS_ASSERTIONS = NO;
				ENABLE_STRICT_OBJC_MSGSEND = YES;
				GCC_C_LANGUAGE_STANDARD = gnu11;
				GCC_NO_COMMON_BLOCKS = YES;
				GCC_WARN_64_TO_32_BIT_CONVERSION = YES;
				GCC_WARN_ABOUT_RETURN_TYPE = YES_ERROR;
				GCC_WARN_UNDECLARED_SELECTOR = YES;
				GCC_WARN_UNINITIALIZED_AUTOS = YES_AGGRESSIVE;
				GCC_WARN_UNUSED_FUNCTION = YES;
				GCC_WARN_UNUSED_VARIABLE = YES;
				IPHONEOS_DEPLOYMENT_TARGET = 12.1;
				MTL_ENABLE_DEBUG_INFO = NO;
				MTL_FAST_MATH = YES;
				SDKROOT = iphoneos;
				SWIFT_COMPILATION_MODE = wholemodule;
				SWIFT_OPTIMIZATION_LEVEL = "-O";
				VALIDATE_PRODUCT = YES;
			};
			name = Release;
		};
		F024684B224159460006699C /* Debug */ = {
			isa = XCBuildConfiguration;
			baseConfigurationReference = B67FECF802B99E2DDA631E2E /* Pods-fhsNotes.debug.xcconfig */;
			buildSettings = {
				ASSETCATALOG_COMPILER_APPICON_NAME = AppIcon;
				CLANG_ENABLE_MODULES = YES;
				CODE_SIGN_STYLE = Automatic;
				DEVELOPMENT_TEAM = L4NA589548;
				INFOPLIST_FILE = fhsNotes/Info.plist;
				LD_RUNPATH_SEARCH_PATHS = (
					"$(inherited)",
					"@executable_path/Frameworks",
				);
				PRODUCT_BUNDLE_IDENTIFIER = com.app.fhsNotes;
				PRODUCT_NAME = "$(TARGET_NAME)";
				SWIFT_OBJC_BRIDGING_HEADER = "fhsNotes/fhsNotes-Bridging-Header.h";
				SWIFT_OPTIMIZATION_LEVEL = "-Onone";
				SWIFT_VERSION = 4.2;
				TARGETED_DEVICE_FAMILY = "1,2";
			};
			name = Debug;
		};
		F024684C224159460006699C /* Release */ = {
			isa = XCBuildConfiguration;
			baseConfigurationReference = 916ED1C29EDED3E64C89ECD6 /* Pods-fhsNotes.release.xcconfig */;
			buildSettings = {
				ASSETCATALOG_COMPILER_APPICON_NAME = AppIcon;
				CLANG_ENABLE_MODULES = YES;
				CODE_SIGN_STYLE = Automatic;
				DEVELOPMENT_TEAM = L4NA589548;
				INFOPLIST_FILE = fhsNotes/Info.plist;
				LD_RUNPATH_SEARCH_PATHS = (
					"$(inherited)",
					"@executable_path/Frameworks",
				);
				PRODUCT_BUNDLE_IDENTIFIER = com.app.fhsNotes;
				PRODUCT_NAME = "$(TARGET_NAME)";
				SWIFT_OBJC_BRIDGING_HEADER = "fhsNotes/fhsNotes-Bridging-Header.h";
				SWIFT_VERSION = 4.2;
				TARGETED_DEVICE_FAMILY = "1,2";
			};
			name = Release;
		};
		F024684E224159460006699C /* Debug */ = {
			isa = XCBuildConfiguration;
			buildSettings = {
				ALWAYS_EMBED_SWIFT_STANDARD_LIBRARIES = YES;
				BUNDLE_LOADER = "$(TEST_HOST)";
				CODE_SIGN_STYLE = Automatic;
				INFOPLIST_FILE = fhsNotesTests/Info.plist;
				LD_RUNPATH_SEARCH_PATHS = (
					"$(inherited)",
					"@executable_path/Frameworks",
					"@loader_path/Frameworks",
				);
				PRODUCT_BUNDLE_IDENTIFIER = com.app.fhsNotesTests;
				PRODUCT_NAME = "$(TARGET_NAME)";
				SWIFT_VERSION = 4.2;
				TARGETED_DEVICE_FAMILY = "1,2";
				TEST_HOST = "$(BUILT_PRODUCTS_DIR)/fhsNotes.app/fhsNotes";
			};
			name = Debug;
		};
		F024684F224159460006699C /* Release */ = {
			isa = XCBuildConfiguration;
			buildSettings = {
				ALWAYS_EMBED_SWIFT_STANDARD_LIBRARIES = YES;
				BUNDLE_LOADER = "$(TEST_HOST)";
				CODE_SIGN_STYLE = Automatic;
				INFOPLIST_FILE = fhsNotesTests/Info.plist;
				LD_RUNPATH_SEARCH_PATHS = (
					"$(inherited)",
					"@executable_path/Frameworks",
					"@loader_path/Frameworks",
				);
				PRODUCT_BUNDLE_IDENTIFIER = com.app.fhsNotesTests;
				PRODUCT_NAME = "$(TARGET_NAME)";
				SWIFT_VERSION = 4.2;
				TARGETED_DEVICE_FAMILY = "1,2";
				TEST_HOST = "$(BUILT_PRODUCTS_DIR)/fhsNotes.app/fhsNotes";
			};
			name = Release;
		};
		F0246851224159460006699C /* Debug */ = {
			isa = XCBuildConfiguration;
			buildSettings = {
				ALWAYS_EMBED_SWIFT_STANDARD_LIBRARIES = YES;
				CODE_SIGN_STYLE = Automatic;
				INFOPLIST_FILE = fhsNotesUITests/Info.plist;
				LD_RUNPATH_SEARCH_PATHS = (
					"$(inherited)",
					"@executable_path/Frameworks",
					"@loader_path/Frameworks",
				);
				PRODUCT_BUNDLE_IDENTIFIER = com.app.fhsNotesUITests;
				PRODUCT_NAME = "$(TARGET_NAME)";
				SWIFT_VERSION = 4.2;
				TARGETED_DEVICE_FAMILY = "1,2";
				TEST_TARGET_NAME = fhsNotes;
			};
			name = Debug;
		};
		F0246852224159460006699C /* Release */ = {
			isa = XCBuildConfiguration;
			buildSettings = {
				ALWAYS_EMBED_SWIFT_STANDARD_LIBRARIES = YES;
				CODE_SIGN_STYLE = Automatic;
				INFOPLIST_FILE = fhsNotesUITests/Info.plist;
				LD_RUNPATH_SEARCH_PATHS = (
					"$(inherited)",
					"@executable_path/Frameworks",
					"@loader_path/Frameworks",
				);
				PRODUCT_BUNDLE_IDENTIFIER = com.app.fhsNotesUITests;
				PRODUCT_NAME = "$(TARGET_NAME)";
				SWIFT_VERSION = 4.2;
				TARGETED_DEVICE_FAMILY = "1,2";
				TEST_TARGET_NAME = fhsNotes;
			};
			name = Release;
		};
/* End XCBuildConfiguration section */

/* Begin XCConfigurationList section */
		F024681D224159420006699C /* Build configuration list for PBXProject "fhsNotes" */ = {
			isa = XCConfigurationList;
			buildConfigurations = (
				F0246848224159460006699C /* Debug */,
				F0246849224159460006699C /* Release */,
			);
			defaultConfigurationIsVisible = 0;
			defaultConfigurationName = Release;
		};
		F024684A224159460006699C /* Build configuration list for PBXNativeTarget "fhsNotes" */ = {
			isa = XCConfigurationList;
			buildConfigurations = (
				F024684B224159460006699C /* Debug */,
				F024684C224159460006699C /* Release */,
			);
			defaultConfigurationIsVisible = 0;
			defaultConfigurationName = Release;
		};
		F024684D224159460006699C /* Build configuration list for PBXNativeTarget "fhsNotesTests" */ = {
			isa = XCConfigurationList;
			buildConfigurations = (
				F024684E224159460006699C /* Debug */,
				F024684F224159460006699C /* Release */,
			);
			defaultConfigurationIsVisible = 0;
			defaultConfigurationName = Release;
		};
		F0246850224159460006699C /* Build configuration list for PBXNativeTarget "fhsNotesUITests" */ = {
			isa = XCConfigurationList;
			buildConfigurations = (
				F0246851224159460006699C /* Debug */,
				F0246852224159460006699C /* Release */,
			);
			defaultConfigurationIsVisible = 0;
			defaultConfigurationName = Release;
		};
/* End XCConfigurationList section */
	};
	rootObject = F024681A224159420006699C /* Project object */;
}
